
Microsoft Visual Studio Solution File, Format Version 12.00
# Visual Studio Version 16
VisualStudioVersion = 16.0.31313.79
MinimumVisualStudioVersion = 10.0.40219.1
Project("{FAE04EC0-301F-11D3-BF4B-00C04F79EFBC}") = "дз на троечку", "дз на троечку\дз на троечку.csproj", "{5A749DC5-A69E-464B-83D6-0A0BADE1683B}"
EndProject
Global
	GlobalSection(SolutionConfigurationPlatforms) = preSolution
		Debug|Any CPU = Debug|Any CPU
		Release|Any CPU = Release|Any CPU
	EndGlobalSection
	GlobalSection(ProjectConfigurationPlatforms) = postSolution
		{5A749DC5-A69E-464B-83D6-0A0BADE1683B}.Debug|Any CPU.ActiveCfg = Debug|Any CPU
		{5A749DC5-A69E-464B-83D6-0A0BADE1683B}.Debug|Any CPU.Build.0 = Debug|Any CPU
		{5A749DC5-A69E-464B-83D6-0A0BADE1683B}.Release|Any CPU.ActiveCfg = Release|Any CPU
		{5A749DC5-A69E-464B-83D6-0A0BADE1683B}.Release|Any CPU.Build.0 = Release|Any CPU
	EndGlobalSection
	GlobalSection(SolutionProperties) = preSolution
		HideSolutionNode = FALSE
	EndGlobalSection
	GlobalSection(ExtensibilityGlobals) = postSolution
		SolutionGuid = {3E751634-5A98-43B8-BC0B-222FAC9B45D9}
	EndGlobalSection
EndGlobal
